--extra-index-url https://download.pytorch.org/whl/cu128
accelerate==1.10.0 --hash=sha256:260a72b560e100e839b517a331ec85ed495b3889d12886e79d1913071993c5a3
attrs==26.1.0 --hash=sha256:c647aa4a12dfbad9333ca4e71fe62ddc36f4e63b2d260a37a8b83d2f043ac309
certifi==2026.7.22 --hash=sha256:62f22742b58a1a33014a2b6b706588a8d7e2a88ae7bd1a6ebe8c992928483775
charset-normalizer==3.4.9 --hash=sha256:04ce310cb89c15df659582aee80a0603788732a5e017d5bd5c81158106ce249c
filelock==3.32.2 --hash=sha256:87dd94cf281e586d135fa51132b8e3d9a598b316e90377a288663c9321036c82
fsspec==2026.7.0 --hash=sha256:b57ddbafedfaef7018c1ecab32aa200a9d7ca26b77965f64e48b70061249d279
hf-xet==1.6.0 --hash=sha256:d62671bb130879cef0ee4c9ebe47a14af6c66ec53e6d84dc15936e5ffdfac82f
huggingface-hub==0.36.2 --hash=sha256:48f0c8eac16145dfce371e9d2d7772854a4f591bcb56c9cf548accf531d54270
idna==3.18 --hash=sha256:7f952cbe720b688055e3f87de14f5c3e5fdaa8bc3928985c4077ca689de849a2
jinja2==3.1.6 --hash=sha256:85ece4451f492d0c13c5dd7c13a64681a86afae63a5f347908daf103ce6d2f67
jsonschema==4.26.0 --hash=sha256:d489f15263b8d200f8387e64b4c3a75f06629559fb73deb8fdfb525f2dab50ce
jsonschema-specifications==2025.9.1 --hash=sha256:98802fee3a11ee76ecaca44429fda8a41bff98b00a0f2838151b113f210cc6fe
markupsafe==3.0.3 --hash=sha256:0bf2a864d67e76e5c9a34dc26ec616a66b9888e25e7b9460e1c76d3293bd9dbf
mpmath==1.3.0 --hash=sha256:a0b2b9fe80bbcd81a6647ff13108738cfb482d481d826cc0e02f5b35e5c88d2c
networkx==3.6.1 --hash=sha256:d47fbf302e7d9cbbb9e2555a0d267983d2aa476bac30e90dfbe5669bd57f3762
numpy==2.4.6 --hash=sha256:89cd468399cfd2504718f0ba50e410dca55a170b61a02ad92bb18c8a65186e93
nvidia-cublas-cu12==12.8.4.1 --hash=sha256:8ac4e771d5a348c551b2a426eda6193c19aa630236b418086020df5ba9667142
nvidia-cuda-cupti-cu12==12.8.90 --hash=sha256:ea0cb07ebda26bb9b29ba82cda34849e73c166c18162d3913575b0c9db9a6182
nvidia-cuda-nvrtc-cu12==12.8.93 --hash=sha256:a7756528852ef889772a84c6cd89d41dfa74667e24cca16bb31f8f061e3e9994
nvidia-cuda-runtime-cu12==12.8.90 --hash=sha256:adade8dcbd0edf427b7204d480d6066d33902cab2a4707dcfc48a2d0fd44ab90
nvidia-cudnn-cu12==9.10.2.21 --hash=sha256:949452be657fa16687d0930933f032835951ef0892b37d2d53824d1a84dc97a8
nvidia-cufft-cu12==11.3.3.83 --hash=sha256:4d2dd21ec0b88cf61b62e6b43564355e5222e4a3fb394cac0db101f2dd0d4f74
nvidia-cufile-cu12==1.13.1.3 --hash=sha256:1d069003be650e131b21c932ec3d8969c1715379251f8d23a1860554b1cb24fc
nvidia-curand-cu12==10.3.9.90 --hash=sha256:b32331d4f4df5d6eefa0554c565b626c7216f87a06a4f56fab27c3b68a830ec9
nvidia-cusolver-cu12==11.7.3.90 --hash=sha256:4376c11ad263152bd50ea295c05370360776f8c3427b30991df774f9fb26c450
nvidia-cusparse-cu12==12.5.8.93 --hash=sha256:1ec05d76bbbd8b61b06a80e1eaf8cf4959c3d4ce8e711b65ebd0443bb0ebb13b
nvidia-cusparselt-cu12==0.7.1 --hash=sha256:f1bb701d6b930d5a7cea44c19ceb973311500847f81b634d802b7b539dc55623
nvidia-nccl-cu12==2.27.3 --hash=sha256:adf27ccf4238253e0b826bce3ff5fa532d65fc42322c8bfdfaf28024c0fbe039
nvidia-nvjitlink-cu12==12.8.93 --hash=sha256:81ff63371a7ebd6e6451970684f916be2eab07321b73c9d244dc2b4da7f73b88
nvidia-nvtx-cu12==12.8.90 --hash=sha256:5b17e2001cc0d751a5bc2c6ec6d26ad95913324a4adb86788c944f8ce9ba441f
packaging==26.3 --hash=sha256:d7193f7c8e4e93f444fde0262bf90af30e16fa0ad0ad44cb553c87339b23cd1c
psutil==7.2.2 --hash=sha256:076a2d2f923fd4821644f5ba89f059523da90dc9014e85f8e45a5774ca5bc6f9
pyyaml==6.0.3 --hash=sha256:b8bb0864c5a28024fac8a632c443c87c5aa6f215c0b126c449ae1a150412f31d
referencing==0.37.0 --hash=sha256:381329a9f99628c9069361716891d34ad94af76e461dcb0335825aecc7692231
regex==2026.7.19 --hash=sha256:09f3e5287f94f17b709dc9a9e70865855feee835c861613be144218ce4ca82cc
requests==2.34.2 --hash=sha256:2a0d60c172f83ac6ab31e4554906c0f3b3588d37b5cb939b1c061f4907e278e0
rpds-py==2026.6.3 --hash=sha256:9c1255b302953c86a486b81d330d5ee1d5bd937691ce271b6be0ef0e299eaab7
safetensors==0.8.0 --hash=sha256:fd6f3f93c9a0a7cc2788ee63fb763353d4bd2e89b0751bc78fcf7dda00bea774
setuptools==83.0.0 --hash=sha256:29b23c360f22f414dc7336bb39178cc7bcbf6021ed2733cde173f09dba19abb3
sympy==1.14.0 --hash=sha256:e091cc3e99d2141a0ba2847328f5479b05d94a6635cb96148ccb3f34671bd8f5
tokenizers==0.21.4 --hash=sha256:51b7eabb104f46c1c50b486520555715457ae833d5aee9ff6ae853d1130506ff
torch==2.8.0+cu128 --hash=sha256:039b9dcdd6bdbaa10a8a5cd6be22c4cb3e3589a341e5f904cbb571ca28f55bed
tqdm==4.70.0 --hash=sha256:7f585706bfddbdebf89daac705b2dfcc16890130727d3197ca62c732b4310953
transformers==4.55.0 --hash=sha256:29d9b8800e32a4a831bb16efb5f762f6a9742fef9fce5d693ed018d19b106490
triton==3.4.0 --hash=sha256:e2b0afe420d202d96f50b847d744a487b780567975455e56f64b061152ee9554
typing-extensions==4.16.0 --hash=sha256:481caa481374e813c1b176ada14e97f1f67a4539ce9cfeb3f350d78d6370c2e8
urllib3==2.7.0 --hash=sha256:9fb4c81ebbb1ce9531cce37674bbc6f1360472bc18ca9a553ede278ef7276897
